
Microsoft Visual Studio Solution File, Format Version 12.00
# Visual Studio Version 16
VisualStudioVersion = 16.0.31729.503
MinimumVisualStudioVersion = 10.0.40219.1
Project("{FAE04EC0-301F-11D3-BF4B-00C04F79EFBC}") = "LetturaFileODS", "LetturaFileODS.csproj", "{67D7D98A-421F-45F3-8D27-FA186BD3DD0E}"
EndProject
Global
	GlobalSection(SolutionConfigurationPlatforms) = preSolution
		Debug|Any CPU = Debug|Any CPU
		Release|Any CPU = Release|Any CPU
	EndGlobalSection
	GlobalSection(ProjectConfigurationPlatforms) = postSolution
		{67D7D98A-421F-45F3-8D27-FA186BD3DD0E}.Debug|Any CPU.ActiveCfg = Debug|Any CPU
		{67D7D98A-421F-45F3-8D27-FA186BD3DD0E}.Debug|Any CPU.Build.0 = Debug|Any CPU
		{67D7D98A-421F-45F3-8D27-FA186BD3DD0E}.Release|Any CPU.ActiveCfg = Release|Any CPU
		{67D7D98A-421F-45F3-8D27-FA186BD3DD0E}.Release|Any CPU.Build.0 = Release|Any CPU
	EndGlobalSection
	GlobalSection(SolutionProperties) = preSolution
		HideSolutionNode = FALSE
	EndGlobalSection
	GlobalSection(ExtensibilityGlobals) = postSolution
		SolutionGuid = {AB00C604-912D-4481-8FB9-A4BFF6E7DB61}
	EndGlobalSection
EndGlobal
